
Microsoft Visual Studio Solution File, Format Version 12.00
# Visual Studio Version 16
VisualStudioVersion = 16.0.31321.278
MinimumVisualStudioVersion = 10.0.40219.1
Project("{FAE04EC0-301F-11D3-BF4B-00C04F79EFBC}") = "MarathonSkills", "MarathonSkills\MarathonSkills.csproj", "{CAF3E97D-5C8F-4B29-8494-DF1F60323CCD}"
EndProject
Global
	GlobalSection(SolutionConfigurationPlatforms) = preSolution
		Debug|Any CPU = Debug|Any CPU
		Release|Any CPU = Release|Any CPU
	EndGlobalSection
	GlobalSection(ProjectConfigurationPlatforms) = postSolution
		{CAF3E97D-5C8F-4B29-8494-DF1F60323CCD}.Debug|Any CPU.ActiveCfg = Debug|Any CPU
		{CAF3E97D-5C8F-4B29-8494-DF1F60323CCD}.Debug|Any CPU.Build.0 = Debug|Any CPU
		{CAF3E97D-5C8F-4B29-8494-DF1F60323CCD}.Release|Any CPU.ActiveCfg = Release|Any CPU
		{CAF3E97D-5C8F-4B29-8494-DF1F60323CCD}.Release|Any CPU.Build.0 = Release|Any CPU
	EndGlobalSection
	GlobalSection(SolutionProperties) = preSolution
		HideSolutionNode = FALSE
	EndGlobalSection
	GlobalSection(ExtensibilityGlobals) = postSolution
		SolutionGuid = {7C1A6C45-B7B9-4EE3-8143-5C7F91A6A7C4}
	EndGlobalSection
EndGlobal
